dependencies:
  espressif/cmake_utilities:
    component_hash: 351350613ceafba240b761b4ea991e0f231ac7a9f59a9ee901f751bddc0bb18f
    dependencies:
    - name: idf
      require: private
      version: '>=4.1'
    source:
      registry_url: https://components.espressif.com
      type: service
    version: 0.5.3
  espressif/i2c_bus:
    component_hash: e3dddc78baa172f4768f3973fbecbd6c6c1f2cb23cc6a36cf3132758be092482
    dependencies:
    - name: espressif/cmake_utilities
      registry_url: https://components.espressif.com
      require: private
      version: 0.*
    - name: idf
      require: private
      version: '>=4.0'
    source:
      registry_url: https://components.espressif.com/
      type: service
    version: 1.4.0
  idf:
    source:
      type: idf
    version: 5.5.0
direct_dependencies:
- espressif/i2c_bus
- idf
manifest_hash: 9b1a697e7d0c5cba939e7312650dcec31b7cd0d3d04a15f07dcf0a76d5ca2c44
target: esp32s3
version: 2.0.0
